// !$*UTF8*$!
{
	archiveVersion = 1;
	classes = {
	};
	objectVersion = 56;
	objects = {

/* Begin PBXBuildFile section */
		4D494E692CD7BC1100B4D4EB /* Vehicle.swift in Sources */ = {isa = PBXBuildFile; fileRef = 4D494E682CD7BC1100B4D4EB /* Vehicle.swift */; };
		4D494E6B2CD7BC7400B4D4EB /* VehicleSelectionView.swift in Sources */ = {isa = PBXBuildFile; fileRef = 4D494E6A2CD7BC7400B4D4EB /* VehicleSelectionView.swift */; };
		4DEBA5CE2C5A4B0700B9432D /* StreetlyApp.swift in Sources */ = {isa = PBXBuildFile; fileRef = 4DEBA5CD2C5A4B0700B9432D /* StreetlyApp.swift */; };
		4DEBA5D02C5A4B0700B9432D /* ContentView.swift in Sources */ = {isa = PBXBuildFile; fileRef = 4DEBA5CF2C5A4B0700B9432D /* ContentView.swift */; };
		4DEBA5D22C5A4B0900B9432D /* Assets.xcassets in Resources */ = {isa = PBXBuildFile; fileRef = 4DEBA5D12C5A4B0900B9432D /* Assets.xcassets */; };
		4DEBA5D52C5A4B0900B9432D /* Preview Assets.xcassets in Resources */ = {isa = PBXBuildFile; fileRef = 4DEBA5D42C5A4B0900B9432D /* Preview Assets.xcassets */; };
		4DEBA5DD2C5A7EFA00B9432D /* LocationManager.swift in Sources */ = {isa = PBXBuildFile; fileRef = 4DEBA5DC2C5A7EF900B9432D /* LocationManager.swift */; };
		4DEBA5DF2C5A81E200B9432D /* Dataitem.swift in Sources */ = {isa = PBXBuildFile; fileRef = 4DEBA5DE2C5A81E200B9432D /* Dataitem.swift */; };
/* End PBXBuildFile section */

/* Begin PBXFileReference section */
		4D494E682CD7BC1100B4D4EB /* Vehicle.swift */ = {isa = PBXFileReference; lastKnownFileType = sourcecode.swift; path = Vehicle.swift; sourceTree = "<group>"; };
		4D494E6A2CD7BC7400B4D4EB /* VehicleSelectionView.swift */ = {isa = PBXFileReference; lastKnownFileType = sourcecode.swift; path = VehicleSelectionView.swift; sourceTree = "<group>"; };
		4DEBA5CA2C5A4B0700B9432D /* Streetly.app */ = {isa = PBXFileReference; explicitFileType = wrapper.application; includeInIndex = 0; path = Streetly.app; sourceTree = BUILT_PRODUCTS_DIR; };
		4DEBA5CD2C5A4B0700B9432D /* StreetlyApp.swift */ = {isa = PBXFileReference; lastKnownFileType = sourcecode.swift; path = StreetlyApp.swift; sourceTree = "<group>"; };
		4DEBA5CF2C5A4B0700B9432D /* ContentView.swift */ = {isa = PBXFileReference; lastKnownFileType = sourcecode.swift; path = ContentView.swift; sourceTree = "<group>"; };
		4DEBA5D12C5A4B0900B9432D /* Assets.xcassets */ = {isa = PBXFileReference; lastKnownFileType = folder.assetcatalog; path = Assets.xcassets; sourceTree = "<group>"; };
		4DEBA5D42C5A4B0900B9432D /* Preview Assets.xcassets */ = {isa = PBXFileReference; lastKnownFileType = folder.assetcatalog; path = "Preview Assets.xcassets"; sourceTree = "<group>"; };
		4DEBA5DB2C5A4B5200B9432D /* Info.plist */ = {isa = PBXFileReference; lastKnownFileType = text.plist; path = Info.plist; sourceTree = "<group>"; };
		4DEBA5DC2C5A7EF900B9432D /* LocationManager.swift */ = {isa = PBXFileReference; lastKnownFileType = sourcecode.swift; path = LocationManager.swift; sourceTree = "<group>"; };
		4DEBA5DE2C5A81E200B9432D /* Dataitem.swift */ = {isa = PBXFileReference; lastKnownFileType = sourcecode.swift; path = Dataitem.swift; sourceTree = "<group>"; };
/* End PBXFileReference section */

/* Begin PBXFrameworksBuildPhase section */
		4DEBA5C72C5A4B0700B9432D /* Frameworks */ = {
			isa = PBXFrameworksBuildPhase;
			buildActionMask = 2147483647;
			files = (
			);
			runOnlyForDeploymentPostprocessing = 0;
		};
/* End PBXFrameworksBuildPhase section */

/* Begin PBXGroup section */
		4DEBA5C12C5A4B0700B9432D = {
			isa = PBXGroup;
			children = (
				4DEBA5CC2C5A4B0700B9432D /* Streetly */,
				4DEBA5CB2C5A4B0700B9432D /* Products */,
			);
			sourceTree = "<group>";
		};
		4DEBA5CB2C5A4B0700B9432D /* Products */ = {
			isa = PBXGroup;
			children = (
				4DEBA5CA2C5A4B0700B9432D /* Streetly.app */,
			);
			name = Products;
			sourceTree = "<group>";
		};
		4DEBA5CC2C5A4B0700B9432D /* Streetly */ = {
			isa = PBXGroup;
			children = (
				4D494E6A2CD7BC7400B4D4EB /* VehicleSelectionView.swift */,
				4D494E682CD7BC1100B4D4EB /* Vehicle.swift */,
				4DEBA5DB2C5A4B5200B9432D /* Info.plist */,
				4DEBA5DC2C5A7EF900B9432D /* LocationManager.swift */,
				4DEBA5CD2C5A4B0700B9432D /* StreetlyApp.swift */,
				4DEBA5CF2C5A4B0700B9432D /* ContentView.swift */,
				4DEBA5D12C5A4B0900B9432D /* Assets.xcassets */,
				4DEBA5D32C5A4B0900B9432D /* Preview Content */,
				4DEBA5DE2C5A81E200B9432D /* Dataitem.swift */,
			);
			path = Streetly;
			sourceTree = "<group>";
		};
		4DEBA5D32C5A4B0900B9432D /* Preview Content */ = {
			isa = PBXGroup;
			children = (
				4DEBA5D42C5A4B0900B9432D /* Preview Assets.xcassets */,
			);
			path = "Preview Content";
			sourceTree = "<group>";
		};
/* End PBXGroup section */

/* Begin PBXNativeTarget section */
		4DEBA5C92C5A4B0700B9432D /* Streetly */ = {
			isa = PBXNativeTarget;
			buildConfigurationList = 4DEBA5D82C5A4B0900B9432D /* Build configuration list for PBXNativeTarget "Streetly" */;
			buildPhases = (
				4DEBA5C62C5A4B0700B9432D /* Sources */,
				4DEBA5C72C5A4B0700B9432D /* Frameworks */,
				4DEBA5C82C5A4B0700B9432D /* Resources */,
			);
			buildRules = (
			);
			dependencies = (
			);
			name = Streetly;
			productName = Streetly;
			productReference = 4DEBA5CA2C5A4B0700B9432D /* Streetly.app */;
			productType = "com.apple.product-type.application";
		};
/* End PBXNativeTarget section */

/* Begin PBXProject section */
		4DEBA5C22C5A4B0700B9432D /* Project object */ = {
			isa = PBXProject;
			attributes = {
				BuildIndependentTargetsInParallel = 1;
				LastSwiftUpdateCheck = 1540;
				LastUpgradeCheck = 1540;
				TargetAttributes = {
					4DEBA5C92C5A4B0700B9432D = {
						CreatedOnToolsVersion = 15.4;
					};
				};
			};
			buildConfigurationList = 4DEBA5C52C5A4B0700B9432D /* Build configuration list for PBXProject "Streetly" */;
			compatibilityVersion = "Xcode 14.0";
			developmentRegion = en;
			hasScannedForEncodings = 0;
			knownRegions = (
				en,
				Base,
			);
			mainGroup = 4DEBA5C12C5A4B0700B9432D;
			productRefGroup = 4DEBA5CB2C5A4B0700B9432D /* Products */;
			projectDirPath = "";
			projectRoot = "";
			targets = (
				4DEBA5C92C5A4B0700B9432D /* Streetly */,
			);
		};
/* End PBXProject section */

/* Begin PBXResourcesBuildPhase section */
		4DEBA5C82C5A4B0700B9432D /* Resources */ = {
			isa = PBXResourcesBuildPhase;
			buildActionMask = 2147483647;
			files = (
				4DEBA5D52C5A4B0900B9432D /* Preview Assets.xcassets in Resources */,
				4DEBA5D22C5A4B0900B9432D /* Assets.xcassets in Resources */,
			);
			runOnlyForDeploymentPostprocessing = 0;
		};
/* End PBXResourcesBuildPhase section */

/* Begin PBXSourcesBuildPhase section */
		4DEBA5C62C5A4B0700B9432D /* Sources */ = {
			isa = PBXSourcesBuildPhase;
			buildActionMask = 2147483647;
			files = (
				4DEBA5D02C5A4B0700B9432D /* ContentView.swift in Sources */,
				4DEBA5CE2C5A4B0700B9432D /* StreetlyApp.swift in Sources */,
				4DEBA5DF2C5A81E200B9432D /* Dataitem.swift in Sources */,
				4D494E692CD7BC1100B4D4EB /* Vehicle.swift in Sources */,
				4D494E6B2CD7BC7400B4D4EB /* VehicleSelectionView.swift in Sources */,
				4DEBA5DD2C5A7EFA00B9432D /* LocationManager.swift in Sources */,
			);
			runOnlyForDeploymentPostprocessing = 0;
		};
/* End PBXSourcesBuildPhase section */

/* Begin XCBuildConfiguration section */
		4DEBA5D62C5A4B0900B9432D /* Debug */ = {
			isa = XCBuildConfiguration;
			buildSettings = {
				ALWAYS_SEARCH_USER_PATHS = NO;
				ASSETCATALOG_COMPILER_GENERATE_SWIFT_ASSET_SYMBOL_EXTENSIONS = YES;
				CLANG_ANALYZER_NONNULL = YES;
				CLANG_ANALYZER_NUMBER_OBJECT_CONVERSION = YES_AGGRESSIVE;
				CLANG_CXX_LANGUAGE_STANDARD = "gnu++20";
				CLANG_ENABLE_MODULES = YES;
				CLANG_ENABLE_OBJC_ARC = YES;
				CLANG_ENABLE_OBJC_WEAK = YES;
				CLANG_WARN_BLOCK_CAPTURE_AUTORELEASING = YES;
				CLANG_WARN_BOOL_CONVERSION = YES;
				CLANG_WARN_COMMA = YES;
				CLANG_WARN_CONSTANT_CONVERSION = YES;
				CLANG_WARN_DEPRECATED_OBJC_IMPLEMENTATIONS = YES;
				CLANG_WARN_DIRECT_OBJC_ISA_USAGE = YES_ERROR;
				CLANG_WARN_DOCUMENTATION_COMMENTS = YES;
				CLANG_WARN_EMPTY_BODY = YES;
				CLANG_WARN_ENUM_CONVERSION = YES;
				CLANG_WARN_INFINITE_RECURSION = YES;
				CLANG_WARN_INT_CONVERSION = YES;
				CLANG_WARN_NON_LITERAL_NULL_CONVERSION = YES;
				CLANG_WARN_OBJC_IMPLICIT_RETAIN_SELF = YES;
				CLANG_WARN_OBJC_LITERAL_CONVERSION = YES;
				CLANG_WARN_OBJC_ROOT_CLASS = YES_ERROR;
				CLANG_WARN_QUOTED_INCLUDE_IN_FRAMEWORK_HEADER = YES;
				CLANG_WARN_RANGE_LOOP_ANALYSIS = YES;
				CLANG_WARN_STRICT_PROTOTYPES = YES;
				CLANG_WARN_SUSPICIOUS_MOVE = YES;
				CLANG_WARN_UNGUARDED_AVAILABILITY = YES_AGGRESSIVE;
				CLANG_WARN_UNREACHABLE_CODE = YES;
				CLANG_WARN__DUPLICATE_METHOD_MATCH = YES;
				COPY_PHASE_STRIP = NO;
				DEBUG_INFORMATION_FORMAT = dwarf;
				ENABLE_STRICT_OBJC_MSGSEND = YES;
				ENABLE_TESTABILITY = YES;
				ENABLE_USER_SCRIPT_SANDBOXING = YES;
				GCC_C_LANGUAGE_STANDARD = gnu17;
				GCC_DYNAMIC_NO_PIC = NO;
				GCC_NO_COMMON_BLOCKS = YES;
				GCC_OPTIMIZATION_LEVEL = 0;
				GCC_PREPROCESSOR_DEFINITIONS = (
					"DEBUG=1",
					"$(inherited)",
				);
				GCC_WARN_64_TO_32_BIT_CONVERSION = YES;
				GCC_WARN_ABOUT_RETURN_TYPE = YES_ERROR;
				GCC_WARN_UNDECLARED_SELECTOR = YES;
				GCC_WARN_UNINITIALIZED_AUTOS = YES_AGGRESSIVE;
				GCC_WARN_UNUSED_FUNCTION = YES;
				GCC_WARN_UNUSED_VARIABLE = YES;
				IPHONEOS_DEPLOYMENT_TARGET = 17.5;
				LOCALIZATION_PREFERS_STRING_CATALOGS = YES;
				MTL_ENABLE_DEBUG_INFO = INCLUDE_SOURCE;
				MTL_FAST_MATH = YES;
				ONLY_ACTIVE_ARCH = YES;
				SDKROOT = iphoneos;
				SWIFT_ACTIVE_COMPILATION_CONDITIONS = "DEBUG $(inherited)";
				SWIFT_OPTIMIZATION_LEVEL = "-Onone";
			};
			name = Debug;
		};
		4DEBA5D72C5A4B0900B9432D /* Release */ = {
			isa = XCBuildConfiguration;
			buildSettings = {
				ALWAYS_SEARCH_USER_PATHS = NO;
				ASSETCATALOG_COMPILER_GENERATE_SWIFT_ASSET_SYMBOL_EXTENSIONS = YES;
				CLANG_ANALYZER_NONNULL = YES;
				CLANG_ANALYZER_NUMBER_OBJECT_CONVERSION = YES_AGGRESSIVE;
				CLANG_CXX_LANGUAGE_STANDARD = "gnu++20";
				CLANG_ENABLE_MODULES = YES;
				CLANG_ENABLE_OBJC_ARC = YES;
				CLANG_ENABLE_OBJC_WEAK = YES;
				CLANG_WARN_BLOCK_CAPTURE_AUTORELEASING = YES;
				CLANG_WARN_BOOL_CONVERSION = YES;
				CLANG_WARN_COMMA = YES;
				CLANG_WARN_CONSTANT_CONVERSION = YES;
				CLANG_WARN_DEPRECATED_OBJC_IMPLEMENTATIONS = YES;
				CLANG_WARN_DIRECT_OBJC_ISA_USAGE = YES_ERROR;
				CLANG_WARN_DOCUMENTATION_COMMENTS = YES;
				CLANG_WARN_EMPTY_BODY = YES;
				CLANG_WARN_ENUM_CONVERSION = YES;
				CLANG_WARN_INFINITE_RECURSION = YES;
				CLANG_WARN_INT_CONVERSION = YES;
				CLANG_WARN_NON_LITERAL_NULL_CONVERSION = YES;
				CLANG_WARN_OBJC_IMPLICIT_RETAIN_SELF = YES;
				CLANG_WARN_OBJC_LITERAL_CONVERSION = YES;
				CLANG_WARN_OBJC_ROOT_CLASS = YES_ERROR;
				CLANG_WARN_QUOTED_INCLUDE_IN_FRAMEWORK_HEADER = YES;
				CLANG_WARN_RANGE_LOOP_ANALYSIS = YES;
				CLANG_WARN_STRICT_PROTOTYPES = YES;
				CLANG_WARN_SUSPICIOUS_MOVE = YES;
				CLANG_WARN_UNGUARDED_AVAILABILITY = YES_AGGRESSIVE;
				CLANG_WARN_UNREACHABLE_CODE = YES;
				CLANG_WARN__DUPLICATE_METHOD_MATCH = YES;
				COPY_PHASE_STRIP = NO;
				DEBUG_INFORMATION_FORMAT = "dwarf-with-dsym";
				ENABLE_NS_ASSERTIONS = NO;
				ENABLE_STRICT_OBJC_MSGSEND = YES;
				ENABLE_USER_SCRIPT_SANDBOXING = YES;
				GCC_C_LANGUAGE_STANDARD = gnu17;
				GCC_NO_COMMON_BLOCKS = YES;
				GCC_WARN_64_TO_32_BIT_CONVERSION = YES;
				GCC_WARN_ABOUT_RETURN_TYPE = YES_ERROR;
				GCC_WARN_UNDECLARED_SELECTOR = YES;
				GCC_WARN_UNINITIALIZED_AUTOS = YES_AGGRESSIVE;
				GCC_WARN_UNUSED_FUNCTION = YES;
				GCC_WARN_UNUSED_VARIABLE = YES;
				IPHONEOS_DEPLOYMENT_TARGET = 17.5;
				LOCALIZATION_PREFERS_STRING_CATALOGS = YES;
				MTL_ENABLE_DEBUG_INFO = NO;
				MTL_FAST_MATH = YES;
				SDKROOT = iphoneos;
				SWIFT_COMPILATION_MODE = wholemodule;
				VALIDATE_PRODUCT = YES;
			};
			name = Release;
		};
		4DEBA5D92C5A4B0900B9432D /* Debug */ = {
			isa = XCBuildConfiguration;
			buildSettings = {
				ASSETCATALOG_COMPILER_APPICON_NAME = AppIcon;
				ASSETCATALOG_COMPILER_GLOBAL_ACCENT_COLOR_NAME = AccentColor;
				CODE_SIGN_STYLE = Automatic;
				CURRENT_PROJECT_VERSION = 1;
				DEVELOPMENT_ASSET_PATHS = "\"Streetly/Preview Content\"";
				DEVELOPMENT_TEAM = 4M9JPF7SQ6;
				ENABLE_PREVIEWS = YES;
				GENERATE_INFOPLIST_FILE = YES;
				INFOPLIST_FILE = Streetly/Info.plist;
				INFOPLIST_KEY_NSLocationWhenInUseUsageDescription = "";
				INFOPLIST_KEY_UIApplicationSceneManifest_Generation = YES;
				INFOPLIST_KEY_UIApplicationSupportsIndirectInputEvents = YES;
				INFOPLIST_KEY_UILaunchScreen_Generation = YES;
				INFOPLIST_KEY_UISupportedInterfaceOrientations_iPad = "UIInterfaceOrientationPortrait UIInterfaceOrientationPortraitUpsideDown UIInterfaceOrientationLandscapeLeft UIInterfaceOrientationLandscapeRight";
				INFOPLIST_KEY_UISupportedInterfaceOrientations_iPhone = "UIInterfaceOrientationPortrait UIInterfaceOrientationLandscapeLeft UIInterfaceOrientationLandscapeRight";
				LD_RUNPATH_SEARCH_PATHS = (
					"$(inherited)",
					"@executable_path/Frameworks",
				);
				MARKETING_VERSION = 1.0;
				PRODUCT_BUNDLE_IDENTIFIER = MH.Streetly;
				PRODUCT_NAME = "$(TARGET_NAME)";
				SWIFT_EMIT_LOC_STRINGS = YES;
				SWIFT_VERSION = 5.0;
				TARGETED_DEVICE_FAMILY = "1,2";
			};
			name = Debug;
		};
		4DEBA5DA2C5A4B0900B9432D /* Release */ = {
			isa = XCBuildConfiguration;
			buildSettings = {
				ASSETCATALOG_COMPILER_APPICON_NAME = AppIcon;
				ASSETCATALOG_COMPILER_GLOBAL_ACCENT_COLOR_NAME = AccentColor;
				CODE_SIGN_STYLE = Automatic;
				CURRENT_PROJECT_VERSION = 1;
				DEVELOPMENT_ASSET_PATHS = "\"Streetly/Preview Content\"";
				DEVELOPMENT_TEAM = 4M9JPF7SQ6;
				ENABLE_PREVIEWS = YES;
				GENERATE_INFOPLIST_FILE = YES;
				INFOPLIST_FILE = Streetly/Info.plist;
				INFOPLIST_KEY_NSLocationWhenInUseUsageDescription = "";
				INFOPLIST_KEY_UIApplicationSceneManifest_Generation = YES;
				INFOPLIST_KEY_UIApplicationSupportsIndirectInputEvents = YES;
				INFOPLIST_KEY_UILaunchScreen_Generation = YES;
				INFOPLIST_KEY_UISupportedInterfaceOrientations_iPad = "UIInterfaceOrientationPortrait UIInterfaceOrientationPortraitUpsideDown UIInterfaceOrientationLandscapeLeft UIInterfaceOrientationLandscapeRight";
				INFOPLIST_KEY_UISupportedInterfaceOrientations_iPhone = "UIInterfaceOrientationPortrait UIInterfaceOrientationLandscapeLeft UIInterfaceOrientationLandscapeRight";
				LD_RUNPATH_SEARCH_PATHS = (
					"$(inherited)",
					"@executable_path/Frameworks",
				);
				MARKETING_VERSION = 1.0;
				PRODUCT_BUNDLE_IDENTIFIER = MH.Streetly;
				PRODUCT_NAME = "$(TARGET_NAME)";
				SWIFT_EMIT_LOC_STRINGS = YES;
				SWIFT_VERSION = 5.0;
				TARGETED_DEVICE_FAMILY = "1,2";
			};
			name = Release;
		};
/* End XCBuildConfiguration section */

/* Begin XCConfigurationList section */
		4DEBA5C52C5A4B0700B9432D /* Build configuration list for PBXProject "Streetly" */ = {
			isa = XCConfigurationList;
			buildConfigurations = (
				4DEBA5D62C5A4B0900B9432D /* Debug */,
				4DEBA5D72C5A4B0900B9432D /* Release */,
			);
			defaultConfigurationIsVisible = 0;
			defaultConfigurationName = Release;
		};
		4DEBA5D82C5A4B0900B9432D /* Build configuration list for PBXNativeTarget "Streetly" */ = {
			isa = XCConfigurationList;
			buildConfigurations = (
				4DEBA5D92C5A4B0900B9432D /* Debug */,
				4DEBA5DA2C5A4B0900B9432D /* Release */,
			);
			defaultConfigurationIsVisible = 0;
			defaultConfigurationName = Release;
		};
/* End XCConfigurationList section */
	};
	rootObject = 4DEBA5C22C5A4B0700B9432D /* Project object */;
}
